// !$*UTF8*$!
{
	archiveVersion = 1;
	classes = {
	};
	objectVersion = 46;
	objects = {

/* Begin PBXBuildFile section */
		249F50DE1B928E1100B0CA61 /* main.m in Sources */ = {isa = PBXBuildFile; fileRef = 249F50DD1B928E1100B0CA61 /* main.m */; };
		249F50E61B92A52F00B0CA61 /* CCMPublicKey.m in Sources */ = {isa = PBXBuildFile; fileRef = 249F50E51B92A52F00B0CA61 /* CCMPublicKey.m */; };
		249F50EA1B92A54E00B0CA61 /* CCMKeyLoader.m in Sources */ = {isa = PBXBuildFile; fileRef = 249F50E91B92A54E00B0CA61 /* CCMKeyLoader.m */; };
		249F50ED1B92A68000B0CA61 /* CCMBase64.m in Sources */ = {isa = PBXBuildFile; fileRef = 249F50EC1B92A68000B0CA61 /* CCMBase64.m */; };
		249F50FE1B92AC0100B0CA61 /* CCMKeyLoaderTests.m in Sources */ = {isa = PBXBuildFile; fileRef = 249F50FD1B92AC0100B0CA61 /* CCMKeyLoaderTests.m */; };
		249F50FF1B92AC2800B0CA61 /* CCMPublicKey.m in Sources */ = {isa = PBXBuildFile; fileRef = 249F50E51B92A52F00B0CA61 /* CCMPublicKey.m */; };
		249F51001B92AC2800B0CA61 /* CCMKeyLoader.m in Sources */ = {isa = PBXBuildFile; fileRef = 249F50E91B92A54E00B0CA61 /* CCMKeyLoader.m */; };
		249F51011B92AC2800B0CA61 /* CCMBase64.m in Sources */ = {isa = PBXBuildFile; fileRef = 249F50EC1B92A68000B0CA61 /* CCMBase64.m */; };
		249F51051B92ACC700B0CA61 /* private_key.pem in Resources */ = {isa = PBXBuildFile; fileRef = 249F51021B92ACC700B0CA61 /* private_key.pem */; };
		249F51061B92ACC700B0CA61 /* public_key.rsa.pem in Resources */ = {isa = PBXBuildFile; fileRef = 249F51031B92ACC700B0CA61 /* public_key.rsa.pem */; };
		249F51071B92ACC700B0CA61 /* public_key.x509.pem in Resources */ = {isa = PBXBuildFile; fileRef = 249F51041B92ACC700B0CA61 /* public_key.x509.pem */; };
		249F510B1B92B88000B0CA61 /* CSSMPublicKeyDecryptor.m in Sources */ = {isa = PBXBuildFile; fileRef = 249F510A1B92B88000B0CA61 /* CSSMPublicKeyDecryptor.m */; };
		249F510C1B92B88000B0CA61 /* CSSMPublicKeyDecryptor.m in Sources */ = {isa = PBXBuildFile; fileRef = 249F510A1B92B88000B0CA61 /* CSSMPublicKeyDecryptor.m */; };
		249F510F1B92C3BE00B0CA61 /* CCMCryptor.m in Sources */ = {isa = PBXBuildFile; fileRef = 249F510E1B92C3BE00B0CA61 /* CCMCryptor.m */; };
		249F51101B92C3BE00B0CA61 /* CCMCryptor.m in Sources */ = {isa = PBXBuildFile; fileRef = 249F510E1B92C3BE00B0CA61 /* CCMCryptor.m */; };
		249F51121B92C3D500B0CA61 /* CCMCryptorTests.m in Sources */ = {isa = PBXBuildFile; fileRef = 249F51111B92C3D500B0CA61 /* CCMCryptorTests.m */; };
/* End PBXBuildFile section */

/* Begin PBXCopyFilesBuildPhase section */
		249F50D81B928E1100B0CA61 /* CopyFiles */ = {
			isa = PBXCopyFilesBuildPhase;
			buildActionMask = 2147483647;
			dstPath = /usr/share/man/man1/;
			dstSubfolderSpec = 0;
			files = (
			);
			runOnlyForDeploymentPostprocessing = 1;
		};
/* End PBXCopyFilesBuildPhase section */

/* Begin PBXFileReference section */
		249F50DA1B928E1100B0CA61 /* CocoaCryptoMac */ = {isa = PBXFileReference; explicitFileType = "compiled.mach-o.executable"; includeInIndex = 0; path = CocoaCryptoMac; sourceTree = BUILT_PRODUCTS_DIR; };
		249F50DD1B928E1100B0CA61 /* main.m */ = {isa = PBXFileReference; lastKnownFileType = sourcecode.c.objc; path = main.m; sourceTree = "<group>"; };
		249F50E41B92A52F00B0CA61 /* CCMPublicKey.h */ = {isa = PBXFileReference; fileEncoding = 4; lastKnownFileType = sourcecode.c.h; path = CCMPublicKey.h; sourceTree = "<group>"; };
		249F50E51B92A52F00B0CA61 /* CCMPublicKey.m */ = {isa = PBXFileReference; fileEncoding = 4; lastKnownFileType = sourcecode.c.objc; path = CCMPublicKey.m; sourceTree = "<group>"; };
		249F50E71B92A53F00B0CA61 /* CCMPublicKey_internal.h */ = {isa = PBXFileReference; lastKnownFileType = sourcecode.c.h; path = CCMPublicKey_internal.h; sourceTree = "<group>"; };
		249F50E81B92A54E00B0CA61 /* CCMKeyLoader.h */ = {isa = PBXFileReference; fileEncoding = 4; lastKnownFileType = sourcecode.c.h; path = CCMKeyLoader.h; sourceTree = "<group>"; };
		249F50E91B92A54E00B0CA61 /* CCMKeyLoader.m */ = {isa = PBXFileReference; fileEncoding = 4; lastKnownFileType = sourcecode.c.objc; path = CCMKeyLoader.m; sourceTree = "<group>"; };
		249F50EB1B92A68000B0CA61 /* CCMBase64.h */ = {isa = PBXFileReference; fileEncoding = 4; lastKnownFileType = sourcecode.c.h; path = CCMBase64.h; sourceTree = "<group>"; };
		249F50EC1B92A68000B0CA61 /* CCMBase64.m */ = {isa = PBXFileReference; fileEncoding = 4; lastKnownFileType = sourcecode.c.objc; path = CCMBase64.m; sourceTree = "<group>"; };
		249F50F31B92AB8D00B0CA61 /* Tests.xctest */ = {isa = PBXFileReference; explicitFileType = wrapper.cfbundle; includeInIndex = 0; path = Tests.xctest; sourceTree = BUILT_PRODUCTS_DIR; };
		249F50F61B92AB8D00B0CA61 /* Info.plist */ = {isa = PBXFileReference; lastKnownFileType = text.plist.xml; path = Info.plist; sourceTree = "<group>"; };
		249F50FD1B92AC0100B0CA61 /* CCMKeyLoaderTests.m */ = {isa = PBXFileReference; fileEncoding = 4; lastKnownFileType = sourcecode.c.objc; path = CCMKeyLoaderTests.m; sourceTree = "<group>"; };
		249F51021B92ACC700B0CA61 /* private_key.pem */ = {isa = PBXFileReference; fileEncoding = 4; lastKnownFileType = text; path = private_key.pem; sourceTree = "<group>"; };
		249F51031B92ACC700B0CA61 /* public_key.rsa.pem */ = {isa = PBXFileReference; fileEncoding = 4; lastKnownFileType = text; path = public_key.rsa.pem; sourceTree = "<group>"; };
		249F51041B92ACC700B0CA61 /* public_key.x509.pem */ = {isa = PBXFileReference; fileEncoding = 4; lastKnownFileType = text; path = public_key.x509.pem; sourceTree = "<group>"; };
		249F51091B92B88000B0CA61 /* CSSMPublicKeyDecryptor.h */ = {isa = PBXFileReference; fileEncoding = 4; lastKnownFileType = sourcecode.c.h; path = CSSMPublicKeyDecryptor.h; sourceTree = "<group>"; };
		249F510A1B92B88000B0CA61 /* CSSMPublicKeyDecryptor.m */ = {isa = PBXFileReference; fileEncoding = 4; lastKnownFileType = sourcecode.c.objc; path = CSSMPublicKeyDecryptor.m; sourceTree = "<group>"; };
		249F510D1B92C3BE00B0CA61 /* CCMCryptor.h */ = {isa = PBXFileReference; fileEncoding = 4; lastKnownFileType = sourcecode.c.h; path = CCMCryptor.h; sourceTree = "<group>"; };
		249F510E1B92C3BE00B0CA61 /* CCMCryptor.m */ = {isa = PBXFileReference; fileEncoding = 4; lastKnownFileType = sourcecode.c.objc; path = CCMCryptor.m; sourceTree = "<group>"; };
		249F51111B92C3D500B0CA61 /* CCMCryptorTests.m */ = {isa = PBXFileReference; fileEncoding = 4; lastKnownFileType = sourcecode.c.objc; path = CCMCryptorTests.m; sourceTree = "<group>"; };
/* End PBXFileReference section */

/* Begin PBXFrameworksBuildPhase section */
		249F50D71B928E1100B0CA61 /* Frameworks */ = {
			isa = PBXFrameworksBuildPhase;
			buildActionMask = 2147483647;
			files = (
			);
			runOnlyForDeploymentPostprocessing = 0;
		};
		249F50F01B92AB8D00B0CA61 /* Frameworks */ = {
			isa = PBXFrameworksBuildPhase;
			buildActionMask = 2147483647;
			files = (
			);
			runOnlyForDeploymentPostprocessing = 0;
		};
/* End PBXFrameworksBuildPhase section */

/* Begin PBXGroup section */
		249F50D11B928E1100B0CA61 = {
			isa = PBXGroup;
			children = (
				249F50DD1B928E1100B0CA61 /* main.m */,
				249F50EE1B92AB7500B0CA61 /* test */,
				249F50DC1B928E1100B0CA61 /* CocoaCryptoMac */,
				249F50DB1B928E1100B0CA61 /* Products */,
			);
			sourceTree = "<group>";
		};
		249F50DB1B928E1100B0CA61 /* Products */ = {
			isa = PBXGroup;
			children = (
				249F50DA1B928E1100B0CA61 /* CocoaCryptoMac */,
				249F50F31B92AB8D00B0CA61 /* Tests.xctest */,
			);
			name = Products;
			sourceTree = "<group>";
		};
		249F50DC1B928E1100B0CA61 /* CocoaCryptoMac */ = {
			isa = PBXGroup;
			children = (
				249F50E41B92A52F00B0CA61 /* CCMPublicKey.h */,
				249F50E71B92A53F00B0CA61 /* CCMPublicKey_internal.h */,
				249F50E51B92A52F00B0CA61 /* CCMPublicKey.m */,
				249F50E81B92A54E00B0CA61 /* CCMKeyLoader.h */,
				249F50E91B92A54E00B0CA61 /* CCMKeyLoader.m */,
				249F50EB1B92A68000B0CA61 /* CCMBase64.h */,
				249F50EC1B92A68000B0CA61 /* CCMBase64.m */,
				249F510D1B92C3BE00B0CA61 /* CCMCryptor.h */,
				249F510E1B92C3BE00B0CA61 /* CCMCryptor.m */,
				249F51091B92B88000B0CA61 /* CSSMPublicKeyDecryptor.h */,
				249F510A1B92B88000B0CA61 /* CSSMPublicKeyDecryptor.m */,
			);
			path = CocoaCryptoMac;
			sourceTree = "<group>";
		};
		249F50EE1B92AB7500B0CA61 /* test */ = {
			isa = PBXGroup;
			children = (
				249F50FD1B92AC0100B0CA61 /* CCMKeyLoaderTests.m */,
				249F51111B92C3D500B0CA61 /* CCMCryptorTests.m */,
				249F50FC1B92ABBD00B0CA61 /* resources */,
			);
			path = test;
			sourceTree = "<group>";
		};
		249F50FC1B92ABBD00B0CA61 /* resources */ = {
			isa = PBXGroup;
			children = (
				249F50F61B92AB8D00B0CA61 /* Info.plist */,
				249F51021B92ACC700B0CA61 /* private_key.pem */,
				249F51031B92ACC700B0CA61 /* public_key.rsa.pem */,
				249F51041B92ACC700B0CA61 /* public_key.x509.pem */,
			);
			path = resources;
			sourceTree = "<group>";
		};
/* End PBXGroup section */

/* Begin PBXNativeTarget section */
		249F50D91B928E1100B0CA61 /* CocoaCryptoMac */ = {
			isa = PBXNativeTarget;
			buildConfigurationList = 249F50E11B928E1100B0CA61 /* Build configuration list for PBXNativeTarget "CocoaCryptoMac" */;
			buildPhases = (
				249F50D61B928E1100B0CA61 /* Sources */,
				249F50D71B928E1100B0CA61 /* Frameworks */,
				249F50D81B928E1100B0CA61 /* CopyFiles */,
			);
			buildRules = (
			);
			dependencies = (
			);
			name = CocoaCryptoMac;
			productName = CocoaCryptoMac;
			productReference = 249F50DA1B928E1100B0CA61 /* CocoaCryptoMac */;
			productType = "com.apple.product-type.tool";
		};
		249F50F21B92AB8D00B0CA61 /* Tests */ = {
			isa = PBXNativeTarget;
			buildConfigurationList = 249F50F91B92AB8D00B0CA61 /* Build configuration list for PBXNativeTarget "Tests" */;
			buildPhases = (
				249F50EF1B92AB8D00B0CA61 /* Sources */,
				249F50F01B92AB8D00B0CA61 /* Frameworks */,
				249F50F11B92AB8D00B0CA61 /* Resources */,
			);
			buildRules = (
			);
			dependencies = (
			);
			name = Tests;
			productName = Tests;
			productReference = 249F50F31B92AB8D00B0CA61 /* Tests.xctest */;
			productType = "com.apple.product-type.bundle.unit-test";
		};
/* End PBXNativeTarget section */

/* Begin PBXProject section */
		249F50D21B928E1100B0CA61 /* Project object */ = {
			isa = PBXProject;
			attributes = {
				LastUpgradeCheck = 0640;
				ORGANIZATIONNAME = "Nik Youdale";
				TargetAttributes = {
					249F50D91B928E1100B0CA61 = {
						CreatedOnToolsVersion = 6.4;
					};
					249F50F21B92AB8D00B0CA61 = {
						CreatedOnToolsVersion = 6.4;
					};
				};
			};
			buildConfigurationList = 249F50D51B928E1100B0CA61 /* Build configuration list for PBXProject "CocoaCryptoMac" */;
			compatibilityVersion = "Xcode 3.2";
			developmentRegion = English;
			hasScannedForEncodings = 0;
			knownRegions = (
				en,
			);
			mainGroup = 249F50D11B928E1100B0CA61;
			productRefGroup = 249F50DB1B928E1100B0CA61 /* Products */;
			projectDirPath = "";
			projectRoot = "";
			targets = (
				249F50D91B928E1100B0CA61 /* CocoaCryptoMac */,
				249F50F21B92AB8D00B0CA61 /* Tests */,
			);
		};
/* End PBXProject section */

/* Begin PBXResourcesBuildPhase section */
		249F50F11B92AB8D00B0CA61 /* Resources */ = {
			isa = PBXResourcesBuildPhase;
			buildActionMask = 2147483647;
			files = (
				249F51051B92ACC700B0CA61 /* private_key.pem in Resources */,
				249F51071B92ACC700B0CA61 /* public_key.x509.pem in Resources */,
				249F51061B92ACC700B0CA61 /* public_key.rsa.pem in Resources */,
			);
			runOnlyForDeploymentPostprocessing = 0;
		};
/* End PBXResourcesBuildPhase section */

/* Begin PBXSourcesBuildPhase section */
		249F50D61B928E1100B0CA61 /* Sources */ = {
			isa = PBXSourcesBuildPhase;
			buildActionMask = 2147483647;
			files = (
				249F510B1B92B88000B0CA61 /* CSSMPublicKeyDecryptor.m in Sources */,
				249F50E61B92A52F00B0CA61 /* CCMPublicKey.m in Sources */,
				249F50EA1B92A54E00B0CA61 /* CCMKeyLoader.m in Sources */,
				249F50ED1B92A68000B0CA61 /* CCMBase64.m in Sources */,
				249F510F1B92C3BE00B0CA61 /* CCMCryptor.m in Sources */,
				249F50DE1B928E1100B0CA61 /* main.m in Sources */,
			);
			runOnlyForDeploymentPostprocessing = 0;
		};
		249F50EF1B92AB8D00B0CA61 /* Sources */ = {
			isa = PBXSourcesBuildPhase;
			buildActionMask = 2147483647;
			files = (
				249F510C1B92B88000B0CA61 /* CSSMPublicKeyDecryptor.m in Sources */,
				249F51121B92C3D500B0CA61 /* CCMCryptorTests.m in Sources */,
				249F51001B92AC2800B0CA61 /* CCMKeyLoader.m in Sources */,
				249F50FE1B92AC0100B0CA61 /* CCMKeyLoaderTests.m in Sources */,
				249F51011B92AC2800B0CA61 /* CCMBase64.m in Sources */,
				249F51101B92C3BE00B0CA61 /* CCMCryptor.m in Sources */,
				249F50FF1B92AC2800B0CA61 /* CCMPublicKey.m in Sources */,
			);
			runOnlyForDeploymentPostprocessing = 0;
		};
/* End PBXSourcesBuildPhase section */

/* Begin XCBuildConfiguration section */
		249F50DF1B928E1100B0CA61 /* Debug */ = {
			isa = XCBuildConfiguration;
			buildSettings = {
				ALWAYS_SEARCH_USER_PATHS = NO;
				CLANG_CXX_LANGUAGE_STANDARD = "gnu++0x";
				CLANG_CXX_LIBRARY = "libc++";
				CLANG_ENABLE_MODULES = YES;
				CLANG_ENABLE_OBJC_ARC = YES;
				CLANG_WARN_BOOL_CONVERSION = YES;
				CLANG_WARN_CONSTANT_CONVERSION = YES;
				CLANG_WARN_DIRECT_OBJC_ISA_USAGE = YES_ERROR;
				CLANG_WARN_EMPTY_BODY = YES;
				CLANG_WARN_ENUM_CONVERSION = YES;
				CLANG_WARN_INT_CONVERSION = YES;
				CLANG_WARN_OBJC_ROOT_CLASS = YES_ERROR;
				CLANG_WARN_UNREACHABLE_CODE = YES;
				CLANG_WARN__DUPLICATE_METHOD_MATCH = YES;
				COPY_PHASE_STRIP = NO;
				DEBUG_INFORMATION_FORMAT = dwarf;
				ENABLE_STRICT_OBJC_MSGSEND = YES;
				GCC_C_LANGUAGE_STANDARD = gnu99;
				GCC_DYNAMIC_NO_PIC = NO;
				GCC_NO_COMMON_BLOCKS = YES;
				GCC_OPTIMIZATION_LEVEL = 0;
				GCC_PREPROCESSOR_DEFINITIONS = (
					"DEBUG=1",
					"$(inherited)",
				);
				GCC_SYMBOLS_PRIVATE_EXTERN = NO;
				GCC_WARN_64_TO_32_BIT_CONVERSION = YES;
				GCC_WARN_ABOUT_RETURN_TYPE = YES_ERROR;
				GCC_WARN_UNDECLARED_SELECTOR = YES;
				GCC_WARN_UNINITIALIZED_AUTOS = YES_AGGRESSIVE;
				GCC_WARN_UNUSED_FUNCTION = YES;
				GCC_WARN_UNUSED_VARIABLE = YES;
				MACOSX_DEPLOYMENT_TARGET = 10.10;
				MTL_ENABLE_DEBUG_INFO = YES;
				ONLY_ACTIVE_ARCH = YES;
				SDKROOT = macosx;
			};
			name = Debug;
		};
		249F50E01B928E1100B0CA61 /* Release */ = {
			isa = XCBuildConfiguration;
			buildSettings = {
				ALWAYS_SEARCH_USER_PATHS = NO;
				CLANG_CXX_LANGUAGE_STANDARD = "gnu++0x";
				CLANG_CXX_LIBRARY = "libc++";
				CLANG_ENABLE_MODULES = YES;
				CLANG_ENABLE_OBJC_ARC = YES;
				CLANG_WARN_BOOL_CONVERSION = YES;
				CLANG_WARN_CONSTANT_CONVERSION = YES;
				CLANG_WARN_DIRECT_OBJC_ISA_USAGE = YES_ERROR;
				CLANG_WARN_EMPTY_BODY = YES;
				CLANG_WARN_ENUM_CONVERSION = YES;
				CLANG_WARN_INT_CONVERSION = YES;
				CLANG_WARN_OBJC_ROOT_CLASS = YES_ERROR;
				CLANG_WARN_UNREACHABLE_CODE = YES;
				CLANG_WARN__DUPLICATE_METHOD_MATCH = YES;
				COPY_PHASE_STRIP = NO;
				DEBUG_INFORMATION_FORMAT = "dwarf-with-dsym";
				ENABLE_NS_ASSERTIONS = NO;
				ENABLE_STRICT_OBJC_MSGSEND = YES;
				GCC_C_LANGUAGE_STANDARD = gnu99;
				GCC_NO_COMMON_BLOCKS = YES;
				GCC_WARN_64_TO_32_BIT_CONVERSION = YES;
				GCC_WARN_ABOUT_RETURN_TYPE = YES_ERROR;
				GCC_WARN_UNDECLARED_SELECTOR = YES;
				GCC_WARN_UNINITIALIZED_AUTOS = YES_AGGRESSIVE;
				GCC_WARN_UNUSED_FUNCTION = YES;
				GCC_WARN_UNUSED_VARIABLE = YES;
				MACOSX_DEPLOYMENT_TARGET = 10.10;
				MTL_ENABLE_DEBUG_INFO = NO;
				SDKROOT = macosx;
			};
			name = Release;
		};
		249F50E21B928E1100B0CA61 /* Debug */ = {
			isa = XCBuildConfiguration;
			buildSettings = {
				PRODUCT_NAME = "$(TARGET_NAME)";
			};
			name = Debug;
		};
		249F50E31B928E1100B0CA61 /* Release */ = {
			isa = XCBuildConfiguration;
			buildSettings = {
				PRODUCT_NAME = "$(TARGET_NAME)";
			};
			name = Release;
		};
		249F50FA1B92AB8D00B0CA61 /* Debug */ = {
			isa = XCBuildConfiguration;
			buildSettings = {
				COMBINE_HIDPI_IMAGES = YES;
				FRAMEWORK_SEARCH_PATHS = (
					"$(DEVELOPER_FRAMEWORKS_DIR)",
					"$(inherited)",
				);
				GCC_PREPROCESSOR_DEFINITIONS = (
					"DEBUG=1",
					"$(inherited)",
				);
				INFOPLIST_FILE = test/resources/Info.plist;
				LD_RUNPATH_SEARCH_PATHS = "$(inherited) @executable_path/../Frameworks @loader_path/../Frameworks";
				PRODUCT_NAME = "$(TARGET_NAME)";
			};
			name = Debug;
		};
		249F50FB1B92AB8D00B0CA61 /* Release */ = {
			isa = XCBuildConfiguration;
			buildSettings = {
				COMBINE_HIDPI_IMAGES = YES;
				FRAMEWORK_SEARCH_PATHS = (
					"$(DEVELOPER_FRAMEWORKS_DIR)",
					"$(inherited)",
				);
				INFOPLIST_FILE = test/resources/Info.plist;
				LD_RUNPATH_SEARCH_PATHS = "$(inherited) @executable_path/../Frameworks @loader_path/../Frameworks";
				PRODUCT_NAME = "$(TARGET_NAME)";
			};
			name = Release;
		};
/* End XCBuildConfiguration section */

/* Begin XCConfigurationList section */
		249F50D51B928E1100B0CA61 /* Build configuration list for PBXProject "CocoaCryptoMac" */ = {
			isa = XCConfigurationList;
			buildConfigurations = (
				249F50DF1B928E1100B0CA61 /* Debug */,
				249F50E01B928E1100B0CA61 /* Release */,
			);
			defaultConfigurationIsVisible = 0;
			defaultConfigurationName = Release;
		};
		249F50E11B928E1100B0CA61 /* Build configuration list for PBXNativeTarget "CocoaCryptoMac" */ = {
			isa = XCConfigurationList;
			buildConfigurations = (
				249F50E21B928E1100B0CA61 /* Debug */,
				249F50E31B928E1100B0CA61 /* Release */,
			);
			defaultConfigurationIsVisible = 0;
		};
		249F50F91B92AB8D00B0CA61 /* Build configuration list for PBXNativeTarget "Tests" */ = {
			isa = XCConfigurationList;
			buildConfigurations = (
				249F50FA1B92AB8D00B0CA61 /* Debug */,
				249F50FB1B92AB8D00B0CA61 /* Release */,
			);
			defaultConfigurationIsVisible = 0;
		};
/* End XCConfigurationList section */
	};
	rootObject = 249F50D21B928E1100B0CA61 /* Project object */;
}
